
Microsoft Visual Studio Solution File, Format Version 12.00
# Visual Studio Version 16
VisualStudioVersion = 16.0.29613.14
MinimumVisualStudioVersion = 10.0.40219.1
Project("{FAE04EC0-301F-11D3-BF4B-00C04F79EFBC}") = "Airbnb", "Airbnb\Airbnb.csproj", "{F092724C-3A8F-45CE-9B77-45BC50788B43}"
EndProject
Global
	GlobalSection(SolutionConfigurationPlatforms) = preSolution
		Debug|Any CPU = Debug|Any CPU
		Release|Any CPU = Release|Any CPU
	EndGlobalSection
	GlobalSection(ProjectConfigurationPlatforms) = postSolution
		{F092724C-3A8F-45CE-9B77-45BC50788B43}.Debug|Any CPU.ActiveCfg = Debug|Any CPU
		{F092724C-3A8F-45CE-9B77-45BC50788B43}.Debug|Any CPU.Build.0 = Debug|Any CPU
		{F092724C-3A8F-45CE-9B77-45BC50788B43}.Release|Any CPU.ActiveCfg = Release|Any CPU
		{F092724C-3A8F-45CE-9B77-45BC50788B43}.Release|Any CPU.Build.0 = Release|Any CPU
	EndGlobalSection
	GlobalSection(SolutionProperties) = preSolution
		HideSolutionNode = FALSE
	EndGlobalSection
	GlobalSection(ExtensibilityGlobals) = postSolution
		SolutionGuid = {72592680-C485-4607-9108-18042AF733A4}
	EndGlobalSection
EndGlobal
